<?xml version="1.0" encoding="utf-8"?>
<Project ToolsVersion="4.0" xmlns="http://schemas.microsoft.com/developer/msbuild/2003">
  <ItemGroup>
    <Filter Include="Source Files">
      <UniqueIdentifier>{4FC737F1-C7A5-4376-A066-2A32D752A2FF}</UniqueIdentifier>
      <Extensions>cpp;c;cc;cxx;def;odl;idl;hpj;bat;asm;asmx</Extensions>
    </Filter>
    <Filter Include="Header Files">
      <UniqueIdentifier>{93995380-89BD-4b04-88EB-625FBE52EBFB}</UniqueIdentifier>
      <Extensions>h;hh;hpp;hxx;hm;inl;inc;xsd</Extensions>
    </Filter>
    <Filter Include="Resource Files">
      <UniqueIdentifier>{67DA6AB6-F800-4c08-8B7A-83BB121AAD01}</UniqueIdentifier>
      <Extensions>rc;ico;cur;bmp;dlg;rc2;rct;bin;rgs;gif;jpg;jpeg;jpe;resx;tiff;tif;png;wav;mfcribbon-ms</Extensions>
    </Filter>
    <Filter Include="common">
      <UniqueIdentifier>{1430efd6-81ba-45c4-ad48-7ea891435fab}</UniqueIdentifier>
    </Filter>
    <Filter Include="Source Files\Filters">
      <UniqueIdentifier>{76c1cd45-b287-4e55-8230-b516b223a70f}</UniqueIdentifier>
    </Filter>
  </ItemGroup>
  <ItemGroup>
    <ClInclude Include="Player.h">
      <Filter>Header Files</Filter>
    </ClInclude>
    <ClInclude Include="AudioBuffer.h">
      <Filter>Header Files</Filter>
    </ClInclude>
    <ClInclude Include="Decoder.h">
      <Filter>Header Files</Filter>
    </ClInclude>
    <ClInclude Include="..\common\module.h">
      <Filter>common</Filter>
    </ClInclude>
    <ClInclude Include="..\common\decoder_module.h">
      <Filter>common</Filter>
    </ClInclude>
    <ClInclude Include="..\common\external_io.h">
      <Filter>common</Filter>
    </ClInclude>
    <ClInclude Include="..\common\audio_format.h">
      <Filter>common</Filter>
    </ClInclude>
    <ClInclude Include="..\common\decoder.hpp">
      <Filter>common</Filter>
    </ClInclude>
    <ClInclude Include="..\common\WrappedExternalIO.hpp">
      <Filter>common</Filter>
    </ClInclude>
    <ClInclude Include="..\common\GenericMetadata.hpp">
      <Filter>common</Filter>
    </ClInclude>
    <ClInclude Include="Module.h">
      <Filter>Header Files</Filter>
    </ClInclude>
    <ClInclude Include="utility.h">
      <Filter>Header Files</Filter>
    </ClInclude>
    <ClInclude Include="InputStream.h">
      <Filter>Header Files</Filter>
    </ClInclude>
    <ClInclude Include="Filter.h">
      <Filter>Header Files</Filter>
    </ClInclude>
    <ClInclude Include="BufferSource.h">
      <Filter>Header Files</Filter>
    </ClInclude>
  </ItemGroup>
  <ItemGroup>
    <ClCompile Include="AudioBuffer.cpp">
      <Filter>Source Files</Filter>
    </ClCompile>
    <ClCompile Include="Decoder.cpp">
      <Filter>Source Files</Filter>
    </ClCompile>
    <ClCompile Include="main.cpp">
      <Filter>Source Files</Filter>
    </ClCompile>
    <ClCompile Include="Player.cpp">
      <Filter>Source Files</Filter>
    </ClCompile>
    <ClCompile Include="Module.cpp">
      <Filter>Source Files</Filter>
    </ClCompile>
    <ClCompile Include="utility.cpp">
      <Filter>Source Files</Filter>
    </ClCompile>
    <ClCompile Include="InputStream.cpp">
      <Filter>Source Files</Filter>
    </ClCompile>
    <ClCompile Include="Filter.cpp">
      <Filter>Source Files</Filter>
    </ClCompile>
    <ClCompile Include="ChannelMixerFilter.cpp">
      <Filter>Source Files\Filters</Filter>
    </ClCompile>
    <ClCompile Include="ResamplingFilter.cpp">
      <Filter>Source Files\Filters</Filter>
    </ClCompile>
    <ClCompile Include="SampleConverterFilter.cpp">
      <Filter>Source Files\Filters</Filter>
    </ClCompile>
  </ItemGroup>
</Project>