
Microsoft Visual Studio Solution File, Format Version 12.00
# Visual Studio 14
VisualStudioVersion = 14.0.25420.1
MinimumVisualStudioVersion = 10.0.40219.1
Project("{8BC9CEB8-8B4A-11D0-8D11-00A0C91BC942}") = "napalm", "napalm\napalm.vcxproj", "{BFAFC97D-2530-46A5-AFFA-2CB445DFC273}"
	ProjectSection(ProjectDependencies) = postProject
		{21014F01-8662-4383-981E-4F6232F93B0A} = {21014F01-8662-4383-981E-4F6232F93B0A}
		{6E439C1A-20F9-401A-850D-300EE0325106} = {6E439C1A-20F9-401A-850D-300EE0325106}
		{D3459F9A-20AF-4094-BF84-D85AF3C64AE5} = {D3459F9A-20AF-4094-BF84-D85AF3C64AE5}
	EndProjectSection
EndProject
Project("{8BC9CEB8-8B4A-11D0-8D11-00A0C91BC942}") = "OggDecoder", "OggDecoder\OggDecoder.vcxproj", "{21014F01-8662-4383-981E-4F6232F93B0A}"
	ProjectSection(ProjectDependencies) = postProject
		{A19AF316-1460-4805-86C7-AFB0B301462D} = {A19AF316-1460-4805-86C7-AFB0B301462D}
		{1F54A01A-C5E7-45A9-9E1E-5D5BE4EB2235} = {1F54A01A-C5E7-45A9-9E1E-5D5BE4EB2235}
		{C3C2A226-B11D-4243-BEF6-8B2C5779C3B4} = {C3C2A226-B11D-4243-BEF6-8B2C5779C3B4}
	EndProjectSection
EndProject
Project("{2150E333-8FDC-42A3-9474-1A3956D46DE8}") = "Dependencies", "Dependencies", "{D45D0839-291D-4DDE-AFE3-D62E562CBC36}"
EndProject
Project("{2150E333-8FDC-42A3-9474-1A3956D46DE8}") = "Modules", "Modules", "{43C5463B-DD6D-4961-891C-2C74A5337807}"
EndProject
Project("{8BC9CEB8-8B4A-11D0-8D11-00A0C91BC942}") = "libsamplerate", "dependencies\projects\libsamplerate\libsamplerate.vcxproj", "{D3459F9A-20AF-4094-BF84-D85AF3C64AE5}"
EndProject
Project("{8BC9CEB8-8B4A-11D0-8D11-00A0C91BC942}") = "libogg", "dependencies\projects\libogg\libogg.vcxproj", "{A19AF316-1460-4805-86C7-AFB0B301462D}"
EndProject
Project("{8BC9CEB8-8B4A-11D0-8D11-00A0C91BC942}") = "libvorbis", "dependencies\projects\libvorbis\libvorbis.vcxproj", "{C3C2A226-B11D-4243-BEF6-8B2C5779C3B4}"
EndProject
Project("{8BC9CEB8-8B4A-11D0-8D11-00A0C91BC942}") = "libvorbisfile", "dependencies\projects\libvorbisfile\libvorbisfile.vcxproj", "{1F54A01A-C5E7-45A9-9E1E-5D5BE4EB2235}"
EndProject
Project("{2150E333-8FDC-42A3-9474-1A3956D46DE8}") = "misc", "misc", "{D627D582-F5F3-49CD-9A63-495BC4B26278}"
EndProject
Project("{8BC9CEB8-8B4A-11D0-8D11-00A0C91BC942}") = "conversion_generator", "misc\conversion_generator\conversion_generator.vcxproj", "{FB868A6E-0DCD-4EB6-AFC4-09DD10829D07}"
EndProject
Project("{8BC9CEB8-8B4A-11D0-8D11-00A0C91BC942}") = "WasapiOutput", "WasapiOutput\WasapiOutput.vcxproj", "{6E439C1A-20F9-401A-850D-300EE0325106}"
EndProject
Global
	GlobalSection(SolutionConfigurationPlatforms) = preSolution
		Debug|x64 = Debug|x64
		Debug|x86 = Debug|x86
		Release|x64 = Release|x64
		Release|x86 = Release|x86
	EndGlobalSection
	GlobalSection(ProjectConfigurationPlatforms) = postSolution
		{BFAFC97D-2530-46A5-AFFA-2CB445DFC273}.Debug|x64.ActiveCfg = Debug|x64
		{BFAFC97D-2530-46A5-AFFA-2CB445DFC273}.Debug|x64.Build.0 = Debug|x64
		{BFAFC97D-2530-46A5-AFFA-2CB445DFC273}.Debug|x86.ActiveCfg = Debug|Win32
		{BFAFC97D-2530-46A5-AFFA-2CB445DFC273}.Debug|x86.Build.0 = Debug|Win32
		{BFAFC97D-2530-46A5-AFFA-2CB445DFC273}.Release|x64.ActiveCfg = Release|x64
		{BFAFC97D-2530-46A5-AFFA-2CB445DFC273}.Release|x64.Build.0 = Release|x64
		{BFAFC97D-2530-46A5-AFFA-2CB445DFC273}.Release|x86.ActiveCfg = Release|Win32
		{BFAFC97D-2530-46A5-AFFA-2CB445DFC273}.Release|x86.Build.0 = Release|Win32
		{21014F01-8662-4383-981E-4F6232F93B0A}.Debug|x64.ActiveCfg = Debug|x64
		{21014F01-8662-4383-981E-4F6232F93B0A}.Debug|x64.Build.0 = Debug|x64
		{21014F01-8662-4383-981E-4F6232F93B0A}.Debug|x86.ActiveCfg = Debug|Win32
		{21014F01-8662-4383-981E-4F6232F93B0A}.Debug|x86.Build.0 = Debug|Win32
		{21014F01-8662-4383-981E-4F6232F93B0A}.Release|x64.ActiveCfg = Release|x64
		{21014F01-8662-4383-981E-4F6232F93B0A}.Release|x64.Build.0 = Release|x64
		{21014F01-8662-4383-981E-4F6232F93B0A}.Release|x86.ActiveCfg = Release|Win32
		{21014F01-8662-4383-981E-4F6232F93B0A}.Release|x86.Build.0 = Release|Win32
		{D3459F9A-20AF-4094-BF84-D85AF3C64AE5}.Debug|x64.ActiveCfg = Debug|x64
		{D3459F9A-20AF-4094-BF84-D85AF3C64AE5}.Debug|x64.Build.0 = Debug|x64
		{D3459F9A-20AF-4094-BF84-D85AF3C64AE5}.Debug|x86.ActiveCfg = Debug|Win32
		{D3459F9A-20AF-4094-BF84-D85AF3C64AE5}.Debug|x86.Build.0 = Debug|Win32
		{D3459F9A-20AF-4094-BF84-D85AF3C64AE5}.Release|x64.ActiveCfg = Release|x64
		{D3459F9A-20AF-4094-BF84-D85AF3C64AE5}.Release|x64.Build.0 = Release|x64
		{D3459F9A-20AF-4094-BF84-D85AF3C64AE5}.Release|x86.ActiveCfg = Release|Win32
		{D3459F9A-20AF-4094-BF84-D85AF3C64AE5}.Release|x86.Build.0 = Release|Win32
		{A19AF316-1460-4805-86C7-AFB0B301462D}.Debug|x64.ActiveCfg = Debug|x64
		{A19AF316-1460-4805-86C7-AFB0B301462D}.Debug|x64.Build.0 = Debug|x64
		{A19AF316-1460-4805-86C7-AFB0B301462D}.Debug|x86.ActiveCfg = Debug|Win32
		{A19AF316-1460-4805-86C7-AFB0B301462D}.Debug|x86.Build.0 = Debug|Win32
		{A19AF316-1460-4805-86C7-AFB0B301462D}.Release|x64.ActiveCfg = Release|x64
		{A19AF316-1460-4805-86C7-AFB0B301462D}.Release|x64.Build.0 = Release|x64
		{A19AF316-1460-4805-86C7-AFB0B301462D}.Release|x86.ActiveCfg = Release|Win32
		{A19AF316-1460-4805-86C7-AFB0B301462D}.Release|x86.Build.0 = Release|Win32
		{C3C2A226-B11D-4243-BEF6-8B2C5779C3B4}.Debug|x64.ActiveCfg = Debug|x64
		{C3C2A226-B11D-4243-BEF6-8B2C5779C3B4}.Debug|x64.Build.0 = Debug|x64
		{C3C2A226-B11D-4243-BEF6-8B2C5779C3B4}.Debug|x86.ActiveCfg = Debug|Win32
		{C3C2A226-B11D-4243-BEF6-8B2C5779C3B4}.Debug|x86.Build.0 = Debug|Win32
		{C3C2A226-B11D-4243-BEF6-8B2C5779C3B4}.Release|x64.ActiveCfg = Release|x64
		{C3C2A226-B11D-4243-BEF6-8B2C5779C3B4}.Release|x64.Build.0 = Release|x64
		{C3C2A226-B11D-4243-BEF6-8B2C5779C3B4}.Release|x86.ActiveCfg = Release|Win32
		{C3C2A226-B11D-4243-BEF6-8B2C5779C3B4}.Release|x86.Build.0 = Release|Win32
		{1F54A01A-C5E7-45A9-9E1E-5D5BE4EB2235}.Debug|x64.ActiveCfg = Debug|x64
		{1F54A01A-C5E7-45A9-9E1E-5D5BE4EB2235}.Debug|x64.Build.0 = Debug|x64
		{1F54A01A-C5E7-45A9-9E1E-5D5BE4EB2235}.Debug|x86.ActiveCfg = Debug|Win32
		{1F54A01A-C5E7-45A9-9E1E-5D5BE4EB2235}.Debug|x86.Build.0 = Debug|Win32
		{1F54A01A-C5E7-45A9-9E1E-5D5BE4EB2235}.Release|x64.ActiveCfg = Release|x64
		{1F54A01A-C5E7-45A9-9E1E-5D5BE4EB2235}.Release|x64.Build.0 = Release|x64
		{1F54A01A-C5E7-45A9-9E1E-5D5BE4EB2235}.Release|x86.ActiveCfg = Release|Win32
		{1F54A01A-C5E7-45A9-9E1E-5D5BE4EB2235}.Release|x86.Build.0 = Release|Win32
		{FB868A6E-0DCD-4EB6-AFC4-09DD10829D07}.Debug|x64.ActiveCfg = Debug|x64
		{FB868A6E-0DCD-4EB6-AFC4-09DD10829D07}.Debug|x64.Build.0 = Debug|x64
		{FB868A6E-0DCD-4EB6-AFC4-09DD10829D07}.Debug|x86.ActiveCfg = Debug|Win32
		{FB868A6E-0DCD-4EB6-AFC4-09DD10829D07}.Debug|x86.Build.0 = Debug|Win32
		{FB868A6E-0DCD-4EB6-AFC4-09DD10829D07}.Release|x64.ActiveCfg = Release|x64
		{FB868A6E-0DCD-4EB6-AFC4-09DD10829D07}.Release|x64.Build.0 = Release|x64
		{FB868A6E-0DCD-4EB6-AFC4-09DD10829D07}.Release|x86.ActiveCfg = Release|Win32
		{FB868A6E-0DCD-4EB6-AFC4-09DD10829D07}.Release|x86.Build.0 = Release|Win32
		{6E439C1A-20F9-401A-850D-300EE0325106}.Debug|x64.ActiveCfg = Debug|x64
		{6E439C1A-20F9-401A-850D-300EE0325106}.Debug|x64.Build.0 = Debug|x64
		{6E439C1A-20F9-401A-850D-300EE0325106}.Debug|x86.ActiveCfg = Debug|Win32
		{6E439C1A-20F9-401A-850D-300EE0325106}.Debug|x86.Build.0 = Debug|Win32
		{6E439C1A-20F9-401A-850D-300EE0325106}.Release|x64.ActiveCfg = Release|x64
		{6E439C1A-20F9-401A-850D-300EE0325106}.Release|x64.Build.0 = Release|x64
		{6E439C1A-20F9-401A-850D-300EE0325106}.Release|x86.ActiveCfg = Release|Win32
		{6E439C1A-20F9-401A-850D-300EE0325106}.Release|x86.Build.0 = Release|Win32
	EndGlobalSection
	GlobalSection(SolutionProperties) = preSolution
		HideSolutionNode = FALSE
	EndGlobalSection
	GlobalSection(NestedProjects) = preSolution
		{21014F01-8662-4383-981E-4F6232F93B0A} = {43C5463B-DD6D-4961-891C-2C74A5337807}
		{D3459F9A-20AF-4094-BF84-D85AF3C64AE5} = {D45D0839-291D-4DDE-AFE3-D62E562CBC36}
		{A19AF316-1460-4805-86C7-AFB0B301462D} = {D45D0839-291D-4DDE-AFE3-D62E562CBC36}
		{C3C2A226-B11D-4243-BEF6-8B2C5779C3B4} = {D45D0839-291D-4DDE-AFE3-D62E562CBC36}
		{1F54A01A-C5E7-45A9-9E1E-5D5BE4EB2235} = {D45D0839-291D-4DDE-AFE3-D62E562CBC36}
		{FB868A6E-0DCD-4EB6-AFC4-09DD10829D07} = {D627D582-F5F3-49CD-9A63-495BC4B26278}
		{6E439C1A-20F9-401A-850D-300EE0325106} = {43C5463B-DD6D-4961-891C-2C74A5337807}
	EndGlobalSection
EndGlobal
